// !$*UTF8*$!
{
	archiveVersion = 1;
	classes = {
	};
	objectVersion = 46;
	objects = {

/* Begin PBXBuildFile section */
		D218A8591DC8D8CE0040E70B /* AppDelegate.swift in Sources */ = {isa = PBXBuildFile; fileRef = D218A8581DC8D8CE0040E70B /* AppDelegate.swift */; };
		D218A85B1DC8D8CE0040E70B /* ViewController.swift in Sources */ = {isa = PBXBuildFile; fileRef = D218A85A1DC8D8CE0040E70B /* ViewController.swift */; };
		D218A85E1DC8D8CE0040E70B /* Main.storyboard in Resources */ = {isa = PBXBuildFile; fileRef = D218A85C1DC8D8CE0040E70B /* Main.storyboard */; };
		D218A8611DC8D8CE0040E70B /* imageScroll.xcdatamodeld in Sources */ = {isa = PBXBuildFile; fileRef = D218A85F1DC8D8CE0040E70B /* imageScroll.xcdatamodeld */; };
		D218A8631DC8D8CE0040E70B /* Assets.xcassets in Resources */ = {isa = PBXBuildFile; fileRef = D218A8621DC8D8CE0040E70B /* Assets.xcassets */; };
		D218A8661DC8D8CE0040E70B /* LaunchScreen.storyboard in Resources */ = {isa = PBXBuildFile; fileRef = D218A8641DC8D8CE0040E70B /* LaunchScreen.storyboard */; };
		D218A8711DC8D8CE0040E70B /* imageScrollTests.swift in Sources */ = {isa = PBXBuildFile; fileRef = D218A8701DC8D8CE0040E70B /* imageScrollTests.swift */; };
		D218A87C1DC8D8CE0040E70B /* imageScrollUITests.swift in Sources */ = {isa = PBXBuildFile; fileRef = D218A87B1DC8D8CE0040E70B /* imageScrollUITests.swift */; };
/* End PBXBuildFile section */

/* Begin PBXContainerItemProxy section */
		D218A86D1DC8D8CE0040E70B /* PBXContainerItemProxy */ = {
			isa = PBXContainerItemProxy;
			containerPortal = D218A84D1DC8D8CE0040E70B /* Project object */;
			proxyType = 1;
			remoteGlobalIDString = D218A8541DC8D8CE0040E70B;
			remoteInfo = imageScroll;
		};
		D218A8781DC8D8CE0040E70B /* PBXContainerItemProxy */ = {
			isa = PBXContainerItemProxy;
			containerPortal = D218A84D1DC8D8CE0040E70B /* Project object */;
			proxyType = 1;
			remoteGlobalIDString = D218A8541DC8D8CE0040E70B;
			remoteInfo = imageScroll;
		};
/* End PBXContainerItemProxy section */

/* Begin PBXFileReference section */
		D218A8551DC8D8CE0040E70B /* imageScroll.app */ = {isa = PBXFileReference; explicitFileType = wrapper.application; includeInIndex = 0; path = imageScroll.app; sourceTree = BUILT_PRODUCTS_DIR; };
		D218A8581DC8D8CE0040E70B /* AppDelegate.swift */ = {isa = PBXFileReference; lastKnownFileType = sourcecode.swift; path = AppDelegate.swift; sourceTree = "<group>"; };
		D218A85A1DC8D8CE0040E70B /* ViewController.swift */ = {isa = PBXFileReference; lastKnownFileType = sourcecode.swift; path = ViewController.swift; sourceTree = "<group>"; };
		D218A85D1DC8D8CE0040E70B /* Base */ = {isa = PBXFileReference; lastKnownFileType = file.storyboard; name = Base; path = Base.lproj/Main.storyboard; sourceTree = "<group>"; };
		D218A8601DC8D8CE0040E70B /* imageScroll.xcdatamodel */ = {isa = PBXFileReference; lastKnownFileType = wrapper.xcdatamodel; path = imageScroll.xcdatamodel; sourceTree = "<group>"; };
		D218A8621DC8D8CE0040E70B /* Assets.xcassets */ = {isa = PBXFileReference; lastKnownFileType = folder.assetcatalog; path = Assets.xcassets; sourceTree = "<group>"; };
		D218A8651DC8D8CE0040E70B /* Base */ = {isa = PBXFileReference; lastKnownFileType = file.storyboard; name = Base; path = Base.lproj/LaunchScreen.storyboard; sourceTree = "<group>"; };
		D218A8671DC8D8CE0040E70B /* Info.plist */ = {isa = PBXFileReference; lastKnownFileType = text.plist.xml; path = Info.plist; sourceTree = "<group>"; };
		D218A86C1DC8D8CE0040E70B /* imageScrollTests.xctest */ = {isa = PBXFileReference; explicitFileType = wrapper.cfbundle; includeInIndex = 0; path = imageScrollTests.xctest; sourceTree = BUILT_PRODUCTS_DIR; };
		D218A8701DC8D8CE0040E70B /* imageScrollTests.swift */ = {isa = PBXFileReference; lastKnownFileType = sourcecode.swift; path = imageScrollTests.swift; sourceTree = "<group>"; };
		D218A8721DC8D8CE0040E70B /* Info.plist */ = {isa = PBXFileReference; lastKnownFileType = text.plist.xml; path = Info.plist; sourceTree = "<group>"; };
		D218A8771DC8D8CE0040E70B /* imageScrollUITests.xctest */ = {isa = PBXFileReference; explicitFileType = wrapper.cfbundle; includeInIndex = 0; path = imageScrollUITests.xctest; sourceTree = BUILT_PRODUCTS_DIR; };
		D218A87B1DC8D8CE0040E70B /* imageScrollUITests.swift */ = {isa = PBXFileReference; lastKnownFileType = sourcecode.swift; path = imageScrollUITests.swift; sourceTree = "<group>"; };
		D218A87D1DC8D8CE0040E70B /* Info.plist */ = {isa = PBXFileReference; lastKnownFileType = text.plist.xml; path = Info.plist; sourceTree = "<group>"; };
/* End PBXFileReference section */

/* Begin PBXFrameworksBuildPhase section */
		D218A8521DC8D8CE0040E70B /* Frameworks */ = {
			isa = PBXFrameworksBuildPhase;
			buildActionMask = 2147483647;
			files = (
			);
			runOnlyForDeploymentPostprocessing = 0;
		};
		D218A8691DC8D8CE0040E70B /* Frameworks */ = {
			isa = PBXFrameworksBuildPhase;
			buildActionMask = 2147483647;
			files = (
			);
			runOnlyForDeploymentPostprocessing = 0;
		};
		D218A8741DC8D8CE0040E70B /* Frameworks */ = {
			isa = PBXFrameworksBuildPhase;
			buildActionMask = 2147483647;
			files = (
			);
			runOnlyForDeploymentPostprocessing = 0;
		};
/* End PBXFrameworksBuildPhase section */

/* Begin PBXGroup section */
		D218A84C1DC8D8CE0040E70B = {
			isa = PBXGroup;
			children = (
				D218A8571DC8D8CE0040E70B /* imageScroll */,
				D218A86F1DC8D8CE0040E70B /* imageScrollTests */,
				D218A87A1DC8D8CE0040E70B /* imageScrollUITests */,
				D218A8561DC8D8CE0040E70B /* Products */,
			);
			sourceTree = "<group>";
		};
		D218A8561DC8D8CE0040E70B /* Products */ = {
			isa = PBXGroup;
			children = (
				D218A8551DC8D8CE0040E70B /* imageScroll.app */,
				D218A86C1DC8D8CE0040E70B /* imageScrollTests.xctest */,
				D218A8771DC8D8CE0040E70B /* imageScrollUITests.xctest */,
			);
			name = Products;
			sourceTree = "<group>";
		};
		D218A8571DC8D8CE0040E70B /* imageScroll */ = {
			isa = PBXGroup;
			children = (
				D218A8581DC8D8CE0040E70B /* AppDelegate.swift */,
				D218A85A1DC8D8CE0040E70B /* ViewController.swift */,
				D218A85C1DC8D8CE0040E70B /* Main.storyboard */,
				D218A8621DC8D8CE0040E70B /* Assets.xcassets */,
				D218A8641DC8D8CE0040E70B /* LaunchScreen.storyboard */,
				D218A8671DC8D8CE0040E70B /* Info.plist */,
				D218A85F1DC8D8CE0040E70B /* imageScroll.xcdatamodeld */,
			);
			path = imageScroll;
			sourceTree = "<group>";
		};
		D218A86F1DC8D8CE0040E70B /* imageScrollTests */ = {
			isa = PBXGroup;
			children = (
				D218A8701DC8D8CE0040E70B /* imageScrollTests.swift */,
				D218A8721DC8D8CE0040E70B /* Info.plist */,
			);
			path = imageScrollTests;
			sourceTree = "<group>";
		};
		D218A87A1DC8D8CE0040E70B /* imageScrollUITests */ = {
			isa = PBXGroup;
			children = (
				D218A87B1DC8D8CE0040E70B /* imageScrollUITests.swift */,
				D218A87D1DC8D8CE0040E70B /* Info.plist */,
			);
			path = imageScrollUITests;
			sourceTree = "<group>";
		};
/* End PBXGroup section */

/* Begin PBXNativeTarget section */
		D218A8541DC8D8CE0040E70B /* imageScroll */ = {
			isa = PBXNativeTarget;
			buildConfigurationList = D218A8801DC8D8CE0040E70B /* Build configuration list for PBXNativeTarget "imageScroll" */;
			buildPhases = (
				D218A8511DC8D8CE0040E70B /* Sources */,
				D218A8521DC8D8CE0040E70B /* Frameworks */,
				D218A8531DC8D8CE0040E70B /* Resources */,
			);
			buildRules = (
			);
			dependencies = (
			);
			name = imageScroll;
			productName = imageScroll;
			productReference = D218A8551DC8D8CE0040E70B /* imageScroll.app */;
			productType = "com.apple.product-type.application";
		};
		D218A86B1DC8D8CE0040E70B /* imageScrollTests */ = {
			isa = PBXNativeTarget;
			buildConfigurationList = D218A8831DC8D8CE0040E70B /* Build configuration list for PBXNativeTarget "imageScrollTests" */;
			buildPhases = (
				D218A8681DC8D8CE0040E70B /* Sources */,
				D218A8691DC8D8CE0040E70B /* Frameworks */,
				D218A86A1DC8D8CE0040E70B /* Resources */,
			);
			buildRules = (
			);
			dependencies = (
				D218A86E1DC8D8CE0040E70B /* PBXTargetDependency */,
			);
			name = imageScrollTests;
			productName = imageScrollTests;
			productReference = D218A86C1DC8D8CE0040E70B /* imageScrollTests.xctest */;
			productType = "com.apple.product-type.bundle.unit-test";
		};
		D218A8761DC8D8CE0040E70B /* imageScrollUITests */ = {
			isa = PBXNativeTarget;
			buildConfigurationList = D218A8861DC8D8CE0040E70B /* Build configuration list for PBXNativeTarget "imageScrollUITests" */;
			buildPhases = (
				D218A8731DC8D8CE0040E70B /* Sources */,
				D218A8741DC8D8CE0040E70B /* Frameworks */,
				D218A8751DC8D8CE0040E70B /* Resources */,
			);
			buildRules = (
			);
			dependencies = (
				D218A8791DC8D8CE0040E70B /* PBXTargetDependency */,
			);
			name = imageScrollUITests;
			productName = imageScrollUITests;
			productReference = D218A8771DC8D8CE0040E70B /* imageScrollUITests.xctest */;
			productType = "com.apple.product-type.bundle.ui-testing";
		};
/* End PBXNativeTarget section */

/* Begin PBXProject section */
		D218A84D1DC8D8CE0040E70B /* Project object */ = {
			isa = PBXProject;
			attributes = {
				LastSwiftUpdateCheck = 0810;
				LastUpgradeCheck = 0810;
				ORGANIZATIONNAME = "Yicai Weng";
				TargetAttributes = {
					D218A8541DC8D8CE0040E70B = {
						CreatedOnToolsVersion = 8.1;
						DevelopmentTeam = UVGY8KSZVN;
						ProvisioningStyle = Automatic;
					};
					D218A86B1DC8D8CE0040E70B = {
						CreatedOnToolsVersion = 8.1;
						ProvisioningStyle = Automatic;
						TestTargetID = D218A8541DC8D8CE0040E70B;
					};
					D218A8761DC8D8CE0040E70B = {
						CreatedOnToolsVersion = 8.1;
						ProvisioningStyle = Automatic;
						TestTargetID = D218A8541DC8D8CE0040E70B;
					};
				};
			};
			buildConfigurationList = D218A8501DC8D8CE0040E70B /* Build configuration list for PBXProject "imageScroll" */;
			compatibilityVersion = "Xcode 3.2";
			developmentRegion = English;
			hasScannedForEncodings = 0;
			knownRegions = (
				en,
				Base,
			);
			mainGroup = D218A84C1DC8D8CE0040E70B;
			productRefGroup = D218A8561DC8D8CE0040E70B /* Products */;
			projectDirPath = "";
			projectRoot = "";
			targets = (
				D218A8541DC8D8CE0040E70B /* imageScroll */,
				D218A86B1DC8D8CE0040E70B /* imageScrollTests */,
				D218A8761DC8D8CE0040E70B /* imageScrollUITests */,
			);
		};
/* End PBXProject section */

/* Begin PBXResourcesBuildPhase section */
		D218A8531DC8D8CE0040E70B /* Resources */ = {
			isa = PBXResourcesBuildPhase;
			buildActionMask = 2147483647;
			files = (
				D218A8661DC8D8CE0040E70B /* LaunchScreen.storyboard in Resources */,
				D218A8631DC8D8CE0040E70B /* Assets.xcassets in Resources */,
				D218A85E1DC8D8CE0040E70B /* Main.storyboard in Resources */,
			);
			runOnlyForDeploymentPostprocessing = 0;
		};
		D218A86A1DC8D8CE0040E70B /* Resources */ = {
			isa = PBXResourcesBuildPhase;
			buildActionMask = 2147483647;
			files = (
			);
			runOnlyForDeploymentPostprocessing = 0;
		};
		D218A8751DC8D8CE0040E70B /* Resources */ = {
			isa = PBXResourcesBuildPhase;
			buildActionMask = 2147483647;
			files = (
			);
			runOnlyForDeploymentPostprocessing = 0;
		};
/* End PBXResourcesBuildPhase section */

/* Begin PBXSourcesBuildPhase section */
		D218A8511DC8D8CE0040E70B /* Sources */ = {
			isa = PBXSourcesBuildPhase;
			buildActionMask = 2147483647;
			files = (
				D218A8611DC8D8CE0040E70B /* imageScroll.xcdatamodeld in Sources */,
				D218A85B1DC8D8CE0040E70B /* ViewController.swift in Sources */,
				D218A8591DC8D8CE0040E70B /* AppDelegate.swift in Sources */,
			);
			runOnlyForDeploymentPostprocessing = 0;
		};
		D218A8681DC8D8CE0040E70B /* Sources */ = {
			isa = PBXSourcesBuildPhase;
			buildActionMask = 2147483647;
			files = (
				D218A8711DC8D8CE0040E70B /* imageScrollTests.swift in Sources */,
			);
			runOnlyForDeploymentPostprocessing = 0;
		};
		D218A8731DC8D8CE0040E70B /* Sources */ = {
			isa = PBXSourcesBuildPhase;
			buildActionMask = 2147483647;
			files = (
				D218A87C1DC8D8CE0040E70B /* imageScrollUITests.swift in Sources */,
			);
			runOnlyForDeploymentPostprocessing = 0;
		};
/* End PBXSourcesBuildPhase section */

/* Begin PBXTargetDependency section */
		D218A86E1DC8D8CE0040E70B /* PBXTargetDependency */ = {
			isa = PBXTargetDependency;
			target = D218A8541DC8D8CE0040E70B /* imageScroll */;
			targetProxy = D218A86D1DC8D8CE0040E70B /* PBXContainerItemProxy */;
		};
		D218A8791DC8D8CE0040E70B /* PBXTargetDependency */ = {
			isa = PBXTargetDependency;
			target = D218A8541DC8D8CE0040E70B /* imageScroll */;
			targetProxy = D218A8781DC8D8CE0040E70B /* PBXContainerItemProxy */;
		};
/* End PBXTargetDependency section */

/* Begin PBXVariantGroup section */
		D218A85C1DC8D8CE0040E70B /* Main.storyboard */ = {
			isa = PBXVariantGroup;
			children = (
				D218A85D1DC8D8CE0040E70B /* Base */,
			);
			name = Main.storyboard;
			sourceTree = "<group>";
		};
		D218A8641DC8D8CE0040E70B /* LaunchScreen.storyboard */ = {
			isa = PBXVariantGroup;
			children = (
				D218A8651DC8D8CE0040E70B /* Base */,
			);
			name = LaunchScreen.storyboard;
			sourceTree = "<group>";
		};
/* End PBXVariantGroup section */

/* Begin XCBuildConfiguration section */
		D218A87E1DC8D8CE0040E70B /* Debug */ = {
			isa = XCBuildConfiguration;
			buildSettings = {
				ALWAYS_SEARCH_USER_PATHS = NO;
				CLANG_ANALYZER_NONNULL = YES;
				CLANG_CXX_LANGUAGE_STANDARD = "gnu++0x";
				CLANG_CXX_LIBRARY = "libc++";
				CLANG_ENABLE_MODULES = YES;
				CLANG_ENABLE_OBJC_ARC = YES;
				CLANG_WARN_BOOL_CONVERSION = YES;
				CLANG_WARN_CONSTANT_CONVERSION = YES;
				CLANG_WARN_DIRECT_OBJC_ISA_USAGE = YES_ERROR;
				CLANG_WARN_DOCUMENTATION_COMMENTS = YES;
				CLANG_WARN_EMPTY_BODY = YES;
				CLANG_WARN_ENUM_CONVERSION = YES;
				CLANG_WARN_INFINITE_RECURSION = YES;
				CLANG_WARN_INT_CONVERSION = YES;
				CLANG_WARN_OBJC_ROOT_CLASS = YES_ERROR;
				CLANG_WARN_SUSPICIOUS_MOVES = YES;
				CLANG_WARN_UNREACHABLE_CODE = YES;
				CLANG_WARN__DUPLICATE_METHOD_MATCH = YES;
				"CODE_SIGN_IDENTITY[sdk=iphoneos*]" = "iPhone Developer";
				COPY_PHASE_STRIP = NO;
				DEBUG_INFORMATION_FORMAT = dwarf;
				ENABLE_STRICT_OBJC_MSGSEND = YES;
				ENABLE_TESTABILITY = YES;
				GCC_C_LANGUAGE_STANDARD = gnu99;
				GCC_DYNAMIC_NO_PIC = NO;
				GCC_NO_COMMON_BLOCKS = YES;
				GCC_OPTIMIZATION_LEVEL = 0;
				GCC_PREPROCESSOR_DEFINITIONS = (
					"DEBUG=1",
					"$(inherited)",
				);
				GCC_WARN_64_TO_32_BIT_CONVERSION = YES;
				GCC_WARN_ABOUT_RETURN_TYPE = YES_ERROR;
				GCC_WARN_UNDECLARED_SELECTOR = YES;
				GCC_WARN_UNINITIALIZED_AUTOS = YES_AGGRESSIVE;
				GCC_WARN_UNUSED_FUNCTION = YES;
				GCC_WARN_UNUSED_VARIABLE = YES;
				IPHONEOS_DEPLOYMENT_TARGET = 10.1;
				MTL_ENABLE_DEBUG_INFO = YES;
				ONLY_ACTIVE_ARCH = YES;
				SDKROOT = iphoneos;
				SWIFT_ACTIVE_COMPILATION_CONDITIONS = DEBUG;
				SWIFT_OPTIMIZATION_LEVEL = "-Onone";
			};
			name = Debug;
		};
		D218A87F1DC8D8CE0040E70B /* Release */ = {
			isa = XCBuildConfiguration;
			buildSettings = {
				ALWAYS_SEARCH_USER_PATHS = NO;
				CLANG_ANALYZER_NONNULL = YES;
				CLANG_CXX_LANGUAGE_STANDARD = "gnu++0x";
				CLANG_CXX_LIBRARY = "libc++";
				CLANG_ENABLE_MODULES = YES;
				CLANG_ENABLE_OBJC_ARC = YES;
				CLANG_WARN_BOOL_CONVERSION = YES;
				CLANG_WARN_CONSTANT_CONVERSION = YES;
				CLANG_WARN_DIRECT_OBJC_ISA_USAGE = YES_ERROR;
				CLANG_WARN_DOCUMENTATION_COMMENTS = YES;
				CLANG_WARN_EMPTY_BODY = YES;
				CLANG_WARN_ENUM_CONVERSION = YES;
				CLANG_WARN_INFINITE_RECURSION = YES;
				CLANG_WARN_INT_CONVERSION = YES;
				CLANG_WARN_OBJC_ROOT_CLASS = YES_ERROR;
				CLANG_WARN_SUSPICIOUS_MOVES = YES;
				CLANG_WARN_UNREACHABLE_CODE = YES;
				CLANG_WARN__DUPLICATE_METHOD_MATCH = YES;
				"CODE_SIGN_IDENTITY[sdk=iphoneos*]" = "iPhone Developer";
				COPY_PHASE_STRIP = NO;
				DEBUG_INFORMATION_FORMAT = "dwarf-with-dsym";
				ENABLE_NS_ASSERTIONS = NO;
				ENABLE_STRICT_OBJC_MSGSEND = YES;
				GCC_C_LANGUAGE_STANDARD = gnu99;
				GCC_NO_COMMON_BLOCKS = YES;
				GCC_WARN_64_TO_32_BIT_CONVERSION = YES;
				GCC_WARN_ABOUT_RETURN_TYPE = YES_ERROR;
				GCC_WARN_UNDECLARED_SELECTOR = YES;
				GCC_WARN_UNINITIALIZED_AUTOS = YES_AGGRESSIVE;
				GCC_WARN_UNUSED_FUNCTION = YES;
				GCC_WARN_UNUSED_VARIABLE = YES;
				IPHONEOS_DEPLOYMENT_TARGET = 10.1;
				MTL_ENABLE_DEBUG_INFO = NO;
				SDKROOT = iphoneos;
				SWIFT_OPTIMIZATION_LEVEL = "-Owholemodule";
				VALIDATE_PRODUCT = YES;
			};
			name = Release;
		};
		D218A8811DC8D8CE0040E70B /* Debug */ = {
			isa = XCBuildConfiguration;
			buildSettings = {
				ASSETCATALOG_COMPILER_APPICON_NAME = AppIcon;
				DEVELOPMENT_TEAM = UVGY8KSZVN;
				INFOPLIST_FILE = imageScroll/Info.plist;
				LD_RUNPATH_SEARCH_PATHS = "$(inherited) @executable_path/Frameworks";
				PRODUCT_BUNDLE_IDENTIFIER = com.YicaiWeng.imageScroll;
				PRODUCT_NAME = "$(TARGET_NAME)";
				SWIFT_VERSION = 3.0;
			};
			name = Debug;
		};
		D218A8821DC8D8CE0040E70B /* Release */ = {
			isa = XCBuildConfiguration;
			buildSettings = {
				ASSETCATALOG_COMPILER_APPICON_NAME = AppIcon;
				DEVELOPMENT_TEAM = UVGY8KSZVN;
				INFOPLIST_FILE = imageScroll/Info.plist;
				LD_RUNPATH_SEARCH_PATHS = "$(inherited) @executable_path/Frameworks";
				PRODUCT_BUNDLE_IDENTIFIER = com.YicaiWeng.imageScroll;
				PRODUCT_NAME = "$(TARGET_NAME)";
				SWIFT_VERSION = 3.0;
			};
			name = Release;
		};
		D218A8841DC8D8CE0040E70B /* Debug */ = {
			isa = XCBuildConfiguration;
			buildSettings = {
				ALWAYS_EMBED_SWIFT_STANDARD_LIBRARIES = YES;
				BUNDLE_LOADER = "$(TEST_HOST)";
				INFOPLIST_FILE = imageScrollTests/Info.plist;
				LD_RUNPATH_SEARCH_PATHS = "$(inherited) @executable_path/Frameworks @loader_path/Frameworks";
				PRODUCT_BUNDLE_IDENTIFIER = com.YicaiWeng.imageScrollTests;
				PRODUCT_NAME = "$(TARGET_NAME)";
				SWIFT_VERSION = 3.0;
				TEST_HOST = "$(BUILT_PRODUCTS_DIR)/imageScroll.app/imageScroll";
			};
			name = Debug;
		};
		D218A8851DC8D8CE0040E70B /* Release */ = {
			isa = XCBuildConfiguration;
			buildSettings = {
				ALWAYS_EMBED_SWIFT_STANDARD_LIBRARIES = YES;
				BUNDLE_LOADER = "$(TEST_HOST)";
				INFOPLIST_FILE = imageScrollTests/Info.plist;
				LD_RUNPATH_SEARCH_PATHS = "$(inherited) @executable_path/Frameworks @loader_path/Frameworks";
				PRODUCT_BUNDLE_IDENTIFIER = com.YicaiWeng.imageScrollTests;
				PRODUCT_NAME = "$(TARGET_NAME)";
				SWIFT_VERSION = 3.0;
				TEST_HOST = "$(BUILT_PRODUCTS_DIR)/imageScroll.app/imageScroll";
			};
			name = Release;
		};
		D218A8871DC8D8CE0040E70B /* Debug */ = {
			isa = XCBuildConfiguration;
			buildSettings = {
				ALWAYS_EMBED_SWIFT_STANDARD_LIBRARIES = YES;
				INFOPLIST_FILE = imageScrollUITests/Info.plist;
				LD_RUNPATH_SEARCH_PATHS = "$(inherited) @executable_path/Frameworks @loader_path/Frameworks";
				PRODUCT_BUNDLE_IDENTIFIER = com.YicaiWeng.imageScrollUITests;
				PRODUCT_NAME = "$(TARGET_NAME)";
				SWIFT_VERSION = 3.0;
				TEST_TARGET_NAME = imageScroll;
			};
			name = Debug;
		};
		D218A8881DC8D8CE0040E70B /* Release */ = {
			isa = XCBuildConfiguration;
			buildSettings = {
				ALWAYS_EMBED_SWIFT_STANDARD_LIBRARIES = YES;
				INFOPLIST_FILE = imageScrollUITests/Info.plist;
				LD_RUNPATH_SEARCH_PATHS = "$(inherited) @executable_path/Frameworks @loader_path/Frameworks";
				PRODUCT_BUNDLE_IDENTIFIER = com.YicaiWeng.imageScrollUITests;
				PRODUCT_NAME = "$(TARGET_NAME)";
				SWIFT_VERSION = 3.0;
				TEST_TARGET_NAME = imageScroll;
			};
			name = Release;
		};
/* End XCBuildConfiguration section */

/* Begin XCConfigurationList section */
		D218A8501DC8D8CE0040E70B /* Build configuration list for PBXProject "imageScroll" */ = {
			isa = XCConfigurationList;
			buildConfigurations = (
				D218A87E1DC8D8CE0040E70B /* Debug */,
				D218A87F1DC8D8CE0040E70B /* Release */,
			);
			defaultConfigurationIsVisible = 0;
			defaultConfigurationName = Release;
		};
		D218A8801DC8D8CE0040E70B /* Build configuration list for PBXNativeTarget "imageScroll" */ = {
			isa = XCConfigurationList;
			buildConfigurations = (
				D218A8811DC8D8CE0040E70B /* Debug */,
				D218A8821DC8D8CE0040E70B /* Release */,
			);
			defaultConfigurationIsVisible = 0;
		};
		D218A8831DC8D8CE0040E70B /* Build configuration list for PBXNativeTarget "imageScrollTests" */ = {
			isa = XCConfigurationList;
			buildConfigurations = (
				D218A8841DC8D8CE0040E70B /* Debug */,
				D218A8851DC8D8CE0040E70B /* Release */,
			);
			defaultConfigurationIsVisible = 0;
		};
		D218A8861DC8D8CE0040E70B /* Build configuration list for PBXNativeTarget "imageScrollUITests" */ = {
			isa = XCConfigurationList;
			buildConfigurations = (
				D218A8871DC8D8CE0040E70B /* Debug */,
				D218A8881DC8D8CE0040E70B /* Release */,
			);
			defaultConfigurationIsVisible = 0;
		};
/* End XCConfigurationList section */

/* Begin XCVersionGroup section */
		D218A85F1DC8D8CE0040E70B /* imageScroll.xcdatamodeld */ = {
			isa = XCVersionGroup;
			children = (
				D218A8601DC8D8CE0040E70B /* imageScroll.xcdatamodel */,
			);
			currentVersion = D218A8601DC8D8CE0040E70B /* imageScroll.xcdatamodel */;
			path = imageScroll.xcdatamodeld;
			sourceTree = "<group>";
			versionGroupType = wrapper.xcdatamodel;
		};
/* End XCVersionGroup section */
	};
	rootObject = D218A84D1DC8D8CE0040E70B /* Project object */;
}
